
Microsoft Visual Studio Solution File, Format Version 12.00
# Visual Studio Version 16
VisualStudioVersion = 16.0.29306.81
MinimumVisualStudioVersion = 10.0.40219.1
Project("{FAE04EC0-301F-11D3-BF4B-00C04F79EFBC}") = "CitizenScience-UIPrototype", "CitizenScience-UIPrototype\CitizenScience-UIPrototype.csproj", "{8019367A-7436-4A0C-9AE9-1EEBB3D0AABB}"
EndProject
Project("{FAE04EC0-301F-11D3-BF4B-00C04F79EFBC}") = "CitizenScienceClasses", "CitizenScienceClasses\CitizenScienceClasses.csproj", "{2B9EFC13-BC75-48FD-9EA9-1F8C511CDEA8}"
EndProject
Project("{FAE04EC0-301F-11D3-BF4B-00C04F79EFBC}") = "TestSuite", "TestSuite\TestSuite.csproj", "{9D7E28C1-A107-4F6C-885A-C1B99D4BC0EB}"
EndProject
Project("{2150E333-8FDC-42A3-9474-1A3956D46DE8}") = "Solution Items", "Solution Items", "{75F8C2F6-A0EA-47E3-9C80-0CB429BB2BE9}"
	ProjectSection(SolutionItems) = preProject
		database_scripts.sql = database_scripts.sql
		DROP.sql = DROP.sql
		DML.sql = DML.sql
	EndProjectSection
EndProject
Global
	GlobalSection(SolutionConfigurationPlatforms) = preSolution
		Debug|Any CPU = Debug|Any CPU
		Release|Any CPU = Release|Any CPU
	EndGlobalSection
	GlobalSection(ProjectConfigurationPlatforms) = postSolution
		{8019367A-7436-4A0C-9AE9-1EEBB3D0AABB}.Debug|Any CPU.ActiveCfg = Debug|Any CPU
		{8019367A-7436-4A0C-9AE9-1EEBB3D0AABB}.Debug|Any CPU.Build.0 = Debug|Any CPU
		{8019367A-7436-4A0C-9AE9-1EEBB3D0AABB}.Release|Any CPU.ActiveCfg = Release|Any CPU
		{8019367A-7436-4A0C-9AE9-1EEBB3D0AABB}.Release|Any CPU.Build.0 = Release|Any CPU
		{2B9EFC13-BC75-48FD-9EA9-1F8C511CDEA8}.Debug|Any CPU.ActiveCfg = Debug|Any CPU
		{2B9EFC13-BC75-48FD-9EA9-1F8C511CDEA8}.Debug|Any CPU.Build.0 = Debug|Any CPU
		{2B9EFC13-BC75-48FD-9EA9-1F8C511CDEA8}.Release|Any CPU.ActiveCfg = Release|Any CPU
		{2B9EFC13-BC75-48FD-9EA9-1F8C511CDEA8}.Release|Any CPU.Build.0 = Release|Any CPU
		{9D7E28C1-A107-4F6C-885A-C1B99D4BC0EB}.Debug|Any CPU.ActiveCfg = Debug|Any CPU
		{9D7E28C1-A107-4F6C-885A-C1B99D4BC0EB}.Debug|Any CPU.Build.0 = Debug|Any CPU
		{9D7E28C1-A107-4F6C-885A-C1B99D4BC0EB}.Release|Any CPU.ActiveCfg = Release|Any CPU
		{9D7E28C1-A107-4F6C-885A-C1B99D4BC0EB}.Release|Any CPU.Build.0 = Release|Any CPU
	EndGlobalSection
	GlobalSection(SolutionProperties) = preSolution
		HideSolutionNode = FALSE
	EndGlobalSection
	GlobalSection(ExtensibilityGlobals) = postSolution
		SolutionGuid = {4839991C-297A-4448-99C6-FDA59960F4AE}
	EndGlobalSection
EndGlobal
